
Microsoft Visual Studio Solution File, Format Version 12.00
# Visual Studio Version 17
VisualStudioVersion = 17.7.34018.315
MinimumVisualStudioVersion = 10.0.40219.1
Project("{FAE04EC0-301F-11D3-BF4B-00C04F79EFBC}") = "ProNatur-Biomarkt GmbH", "ProNatur-Biomarkt GmbH.csproj", "{1D91314B-FBB2-48D5-82F2-D61FEF9CFEEA}"
EndProject
Global
	GlobalSection(SolutionConfigurationPlatforms) = preSolution
		Debug|Any CPU = Debug|Any CPU
		Release|Any CPU = Release|Any CPU
	EndGlobalSection
	GlobalSection(ProjectConfigurationPlatforms) = postSolution
		{1D91314B-FBB2-48D5-82F2-D61FEF9CFEEA}.Debug|Any CPU.ActiveCfg = Debug|Any CPU
		{1D91314B-FBB2-48D5-82F2-D61FEF9CFEEA}.Debug|Any CPU.Build.0 = Debug|Any CPU
		{1D91314B-FBB2-48D5-82F2-D61FEF9CFEEA}.Release|Any CPU.ActiveCfg = Release|Any CPU
		{1D91314B-FBB2-48D5-82F2-D61FEF9CFEEA}.Release|Any CPU.Build.0 = Release|Any CPU
	EndGlobalSection
	GlobalSection(SolutionProperties) = preSolution
		HideSolutionNode = FALSE
	EndGlobalSection
	GlobalSection(ExtensibilityGlobals) = postSolution
		SolutionGuid = {A6F9039D-E755-4A76-A317-7F4F04A01DA6}
	EndGlobalSection
EndGlobal
